{
  "lockfileVersion": 1,
  "configVersion": 1,
  "workspaces": {
    "": {
      "name": "marpit-plugin-fragments",
      "dependencies": {
        "markdown-it-container": "^4.0.0",
      },
    },
  },
  "packages": {
    "markdown-it-container": ["markdown-it-container@4.0.0", "", {}, "sha512-HaNccxUH0l7BNGYbFbjmGpf5aLHAMTinqRZQAEQbMr2cdD3z91Q6kIo1oUn1CQndkT03jat6ckrdRYuwwqLlQw=="],
  }
}
